
Microsoft Visual Studio Solution File, Format Version 12.00
# Visual Studio Version 16
VisualStudioVersion = 16.0.32602.291
MinimumVisualStudioVersion = 10.0.40219.1
Project("{FAE04EC0-301F-11D3-BF4B-00C04F79EFBC}") = "PathOfWarForWotR", "PathOfWarForWotR\PathOfWarForWotR.csproj", "{397AECF9-A9DF-42FA-B7BC-86122DADB147}"
EndProject
Global
	GlobalSection(SolutionConfigurationPlatforms) = preSolution
		Debug|Any CPU = Debug|Any CPU
		Release|Any CPU = Release|Any CPU
	EndGlobalSection
	GlobalSection(ProjectConfigurationPlatforms) = postSolution
		{397AECF9-A9DF-42FA-B7BC-86122DADB147}.Debug|Any CPU.ActiveCfg = Debug|Any CPU
		{397AECF9-A9DF-42FA-B7BC-86122DADB147}.Debug|Any CPU.Build.0 = Debug|Any CPU
		{397AECF9-A9DF-42FA-B7BC-86122DADB147}.Release|Any CPU.ActiveCfg = Release|Any CPU
		{397AECF9-A9DF-42FA-B7BC-86122DADB147}.Release|Any CPU.Build.0 = Release|Any CPU
	EndGlobalSection
	GlobalSection(SolutionProperties) = preSolution
		HideSolutionNode = FALSE
	EndGlobalSection
	GlobalSection(ExtensibilityGlobals) = postSolution
		SolutionGuid = {61FEEB30-1AF5-472E-899F-C47EE2EEC434}
	EndGlobalSection
EndGlobal
